name: Update flake.lock

on:
  schedule:
    # 00:00 UTC on the 1st and 15th of every month (≈ bi-weekly)
    - cron: "0 0 1,15 * *"
  workflow_dispatch:

jobs:
  update:
    runs-on: ubuntu-latest
    permissions:
      contents: write
      pull-requests: write
    steps:
      - uses: actions/checkout@v4

      - uses: DeterminateSystems/nix-installer-action@main

      - uses: DeterminateSystems/update-flake-lock-action@main
        with:
          path-to-flake-dir: home-manager
          pr-title: "chore: bump flake inputs"
          pr-labels: dependencies
